
Microsoft Visual Studio Solution File, Format Version 12.00
# Visual Studio 15
VisualStudioVersion = 15.0.27130.2010
MinimumVisualStudioVersion = 10.0.40219.1
Project("{FAE04EC0-301F-11D3-BF4B-00C04F79EFBC}") = "Busi", "Busi\Busi.csproj", "{F4553BE1-7D31-4BC4-9826-57BAE3611DF6}"
EndProject
Project("{FAE04EC0-301F-11D3-BF4B-00C04F79EFBC}") = "Busi.Tests", "Busi.Tests\Busi.Tests.csproj", "{CA6A5183-5739-442F-A3D1-6AA786647DDC}"
EndProject
Global
	GlobalSection(SolutionConfigurationPlatforms) = preSolution
		Debug|Any CPU = Debug|Any CPU
		Release|Any CPU = Release|Any CPU
	EndGlobalSection
	GlobalSection(ProjectConfigurationPlatforms) = postSolution
		{F4553BE1-7D31-4BC4-9826-57BAE3611DF6}.Debug|Any CPU.ActiveCfg = Release|Any CPU
		{F4553BE1-7D31-4BC4-9826-57BAE3611DF6}.Debug|Any CPU.Build.0 = Release|Any CPU
		{F4553BE1-7D31-4BC4-9826-57BAE3611DF6}.Release|Any CPU.ActiveCfg = Release|Any CPU
		{F4553BE1-7D31-4BC4-9826-57BAE3611DF6}.Release|Any CPU.Build.0 = Release|Any CPU
		{CA6A5183-5739-442F-A3D1-6AA786647DDC}.Debug|Any CPU.ActiveCfg = Release|Any CPU
		{CA6A5183-5739-442F-A3D1-6AA786647DDC}.Debug|Any CPU.Build.0 = Release|Any CPU
		{CA6A5183-5739-442F-A3D1-6AA786647DDC}.Release|Any CPU.ActiveCfg = Release|Any CPU
		{CA6A5183-5739-442F-A3D1-6AA786647DDC}.Release|Any CPU.Build.0 = Release|Any CPU
	EndGlobalSection
	GlobalSection(SolutionProperties) = preSolution
		HideSolutionNode = FALSE
	EndGlobalSection
	GlobalSection(ExtensibilityGlobals) = postSolution
		SolutionGuid = {C15FECE0-6001-48E0-B75A-D118ECB6964B}
	EndGlobalSection
EndGlobal
